
Microsoft Visual Studio Solution File, Format Version 12.00
# Visual Studio Version 17
VisualStudioVersion = 17.5.002.0
MinimumVisualStudioVersion = 10.0.40219.1
Project("{9A19103F-16F7-4668-BE54-9A1E7A4F7556}") = "MindBlown", "MindBlown\MindBlown.csproj", "{5603C480-CC01-4CC0-9667-6F47E782EF61}"
EndProject
Project("{9A19103F-16F7-4668-BE54-9A1E7A4F7556}") = "MindBlown.Server", "MindBlown.Server\MindBlown.Server.csproj", "{9C17041E-D2D5-494A-95A2-549C84510E0D}"
EndProject
Global
	GlobalSection(SolutionConfigurationPlatforms) = preSolution
		Debug|Any CPU = Debug|Any CPU
		Release|Any CPU = Release|Any CPU
	EndGlobalSection
	GlobalSection(ProjectConfigurationPlatforms) = postSolution
		{5603C480-CC01-4CC0-9667-6F47E782EF61}.Debug|Any CPU.ActiveCfg = Debug|Any CPU
		{5603C480-CC01-4CC0-9667-6F47E782EF61}.Debug|Any CPU.Build.0 = Debug|Any CPU
		{5603C480-CC01-4CC0-9667-6F47E782EF61}.Release|Any CPU.ActiveCfg = Release|Any CPU
		{5603C480-CC01-4CC0-9667-6F47E782EF61}.Release|Any CPU.Build.0 = Release|Any CPU
		{9C17041E-D2D5-494A-95A2-549C84510E0D}.Debug|Any CPU.ActiveCfg = Debug|Any CPU
		{9C17041E-D2D5-494A-95A2-549C84510E0D}.Debug|Any CPU.Build.0 = Debug|Any CPU
		{9C17041E-D2D5-494A-95A2-549C84510E0D}.Release|Any CPU.ActiveCfg = Release|Any CPU
		{9C17041E-D2D5-494A-95A2-549C84510E0D}.Release|Any CPU.Build.0 = Release|Any CPU
	EndGlobalSection
	GlobalSection(SolutionProperties) = preSolution
		HideSolutionNode = FALSE
	EndGlobalSection
	GlobalSection(ExtensibilityGlobals) = postSolution
		SolutionGuid = {24393067-3BB6-49DE-A930-432E7F001113}
	EndGlobalSection
EndGlobal
